
Microsoft Visual Studio Solution File, Format Version 12.00
# Visual Studio Version 16
VisualStudioVersion = 16.0.29215.179
MinimumVisualStudioVersion = 10.0.40219.1
Project("{FAE04EC0-301F-11D3-BF4B-00C04F79EFBC}") = "Triangle", "Triangle\Triangle.csproj", "{C0F7FCD6-9603-4E97-9243-92397FB4A667}"
EndProject
Global
	GlobalSection(SolutionConfigurationPlatforms) = preSolution
		Debug|Any CPU = Debug|Any CPU
		Release|Any CPU = Release|Any CPU
	EndGlobalSection
	GlobalSection(ProjectConfigurationPlatforms) = postSolution
		{C0F7FCD6-9603-4E97-9243-92397FB4A667}.Debug|Any CPU.ActiveCfg = Debug|Any CPU
		{C0F7FCD6-9603-4E97-9243-92397FB4A667}.Debug|Any CPU.Build.0 = Debug|Any CPU
		{C0F7FCD6-9603-4E97-9243-92397FB4A667}.Release|Any CPU.ActiveCfg = Release|Any CPU
		{C0F7FCD6-9603-4E97-9243-92397FB4A667}.Release|Any CPU.Build.0 = Release|Any CPU
	EndGlobalSection
	GlobalSection(SolutionProperties) = preSolution
		HideSolutionNode = FALSE
	EndGlobalSection
	GlobalSection(ExtensibilityGlobals) = postSolution
		SolutionGuid = {8AE11D28-4A44-4044-AAD1-17DB8F5E98C1}
	EndGlobalSection
EndGlobal
