
Microsoft Visual Studio Solution File, Format Version 12.00
# Visual Studio Version 16
VisualStudioVersion = 16.0.29209.62
MinimumVisualStudioVersion = 10.0.40219.1
Project("{FAE04EC0-301F-11D3-BF4B-00C04F79EFBC}") = "ArraySorting", "ArraySorting\ArraySorting.csproj", "{F18615E7-0555-46E9-B662-730A943B43DA}"
EndProject
Global
	GlobalSection(SolutionConfigurationPlatforms) = preSolution
		Debug|Any CPU = Debug|Any CPU
		Release|Any CPU = Release|Any CPU
	EndGlobalSection
	GlobalSection(ProjectConfigurationPlatforms) = postSolution
		{F18615E7-0555-46E9-B662-730A943B43DA}.Debug|Any CPU.ActiveCfg = Debug|Any CPU
		{F18615E7-0555-46E9-B662-730A943B43DA}.Debug|Any CPU.Build.0 = Debug|Any CPU
		{F18615E7-0555-46E9-B662-730A943B43DA}.Release|Any CPU.ActiveCfg = Release|Any CPU
		{F18615E7-0555-46E9-B662-730A943B43DA}.Release|Any CPU.Build.0 = Release|Any CPU
	EndGlobalSection
	GlobalSection(SolutionProperties) = preSolution
		HideSolutionNode = FALSE
	EndGlobalSection
	GlobalSection(ExtensibilityGlobals) = postSolution
		SolutionGuid = {9F4030CA-9A51-496A-BC51-CA88E7EFC958}
	EndGlobalSection
EndGlobal
