
Microsoft Visual Studio Solution File, Format Version 12.00
# Visual Studio 15
VisualStudioVersion = 15.0.28307.757
MinimumVisualStudioVersion = 10.0.40219.1
Project("{FAE04EC0-301F-11D3-BF4B-00C04F79EFBC}") = "Task_1.6", "Task_1.6\Task_1.6.csproj", "{F151C35A-5791-4F08-B0D4-560B924B3D02}"
EndProject
Global
	GlobalSection(SolutionConfigurationPlatforms) = preSolution
		Debug|Any CPU = Debug|Any CPU
		Release|Any CPU = Release|Any CPU
	EndGlobalSection
	GlobalSection(ProjectConfigurationPlatforms) = postSolution
		{F151C35A-5791-4F08-B0D4-560B924B3D02}.Debug|Any CPU.ActiveCfg = Debug|Any CPU
		{F151C35A-5791-4F08-B0D4-560B924B3D02}.Debug|Any CPU.Build.0 = Debug|Any CPU
		{F151C35A-5791-4F08-B0D4-560B924B3D02}.Release|Any CPU.ActiveCfg = Release|Any CPU
		{F151C35A-5791-4F08-B0D4-560B924B3D02}.Release|Any CPU.Build.0 = Release|Any CPU
	EndGlobalSection
	GlobalSection(SolutionProperties) = preSolution
		HideSolutionNode = FALSE
	EndGlobalSection
	GlobalSection(ExtensibilityGlobals) = postSolution
		SolutionGuid = {8D532271-7185-4700-9139-921FC1D8FDE2}
	EndGlobalSection
EndGlobal
