
Microsoft Visual Studio Solution File, Format Version 12.00
# Visual Studio 15
VisualStudioVersion = 15.0.28307.757
MinimumVisualStudioVersion = 10.0.40219.1
Project("{FAE04EC0-301F-11D3-BF4B-00C04F79EFBC}") = "SumNotNegativeValue", "SumNotNegativeValue\SumNotNegativeValue.csproj", "{107F4060-BAD5-420C-BEF0-DA1C30E12795}"
EndProject
Global
	GlobalSection(SolutionConfigurationPlatforms) = preSolution
		Debug|Any CPU = Debug|Any CPU
		Release|Any CPU = Release|Any CPU
	EndGlobalSection
	GlobalSection(ProjectConfigurationPlatforms) = postSolution
		{107F4060-BAD5-420C-BEF0-DA1C30E12795}.Debug|Any CPU.ActiveCfg = Debug|Any CPU
		{107F4060-BAD5-420C-BEF0-DA1C30E12795}.Debug|Any CPU.Build.0 = Debug|Any CPU
		{107F4060-BAD5-420C-BEF0-DA1C30E12795}.Release|Any CPU.ActiveCfg = Release|Any CPU
		{107F4060-BAD5-420C-BEF0-DA1C30E12795}.Release|Any CPU.Build.0 = Release|Any CPU
	EndGlobalSection
	GlobalSection(SolutionProperties) = preSolution
		HideSolutionNode = FALSE
	EndGlobalSection
	GlobalSection(ExtensibilityGlobals) = postSolution
		SolutionGuid = {7F87DA27-3EEA-46FB-A5A8-704B5DD3DF23}
	EndGlobalSection
EndGlobal
