
Microsoft Visual Studio Solution File, Format Version 12.00
# Visual Studio 15
VisualStudioVersion = 15.0.28307.757
MinimumVisualStudioVersion = 10.0.40219.1
Project("{FAE04EC0-301F-11D3-BF4B-00C04F79EFBC}") = "EPAM_users", "EPAM_users\EPAM_users.csproj", "{C78EB188-E38E-4BD0-AB38-4B0A6A6B540D}"
EndProject
Global
	GlobalSection(SolutionConfigurationPlatforms) = preSolution
		Debug|Any CPU = Debug|Any CPU
		Release|Any CPU = Release|Any CPU
	EndGlobalSection
	GlobalSection(ProjectConfigurationPlatforms) = postSolution
		{C78EB188-E38E-4BD0-AB38-4B0A6A6B540D}.Debug|Any CPU.ActiveCfg = Debug|Any CPU
		{C78EB188-E38E-4BD0-AB38-4B0A6A6B540D}.Debug|Any CPU.Build.0 = Debug|Any CPU
		{C78EB188-E38E-4BD0-AB38-4B0A6A6B540D}.Release|Any CPU.ActiveCfg = Release|Any CPU
		{C78EB188-E38E-4BD0-AB38-4B0A6A6B540D}.Release|Any CPU.Build.0 = Release|Any CPU
	EndGlobalSection
	GlobalSection(SolutionProperties) = preSolution
		HideSolutionNode = FALSE
	EndGlobalSection
	GlobalSection(ExtensibilityGlobals) = postSolution
		SolutionGuid = {8F790D38-1E81-461C-AC7C-5E93672AC836}
	EndGlobalSection
EndGlobal
